// !$*UTF8*$!
{
	archiveVersion = 1;
	classes = {
	};
	objectVersion = 46;
	objects = {

/* Begin PBXBuildFile section */
		A67965E51A988B5E00BA4D59 /* BluetoothShieldHelper.m in Sources */ = {isa = PBXBuildFile; fileRef = A67965E41A988B5E00BA4D59 /* BluetoothShieldHelper.m */; };
		A67965EA1A988D8B00BA4D59 /* BLE.m in Sources */ = {isa = PBXBuildFile; fileRef = A67965E81A988D8B00BA4D59 /* BLE.m */; };
		BCA8D1A81A98873600533FD6 /* WorkoutViewController.m in Sources */ = {isa = PBXBuildFile; fileRef = BCA8D1A71A98873600533FD6 /* WorkoutViewController.m */; };
		BCA8D1B11A98880300533FD6 /* SummaryTableViewController.m in Sources */ = {isa = PBXBuildFile; fileRef = BCA8D1B01A98880300533FD6 /* SummaryTableViewController.m */; };
		BCA8D1B41A98898000533FD6 /* ExerciseCell.m in Sources */ = {isa = PBXBuildFile; fileRef = BCA8D1B31A98898000533FD6 /* ExerciseCell.m */; };
		BCA8D1B71A98922300533FD6 /* GoalsTableViewController.m in Sources */ = {isa = PBXBuildFile; fileRef = BCA8D1B61A98922300533FD6 /* GoalsTableViewController.m */; };
		BCA8D1BA1A98929200533FD6 /* GoalsTableViewCell.m in Sources */ = {isa = PBXBuildFile; fileRef = BCA8D1B91A98929200533FD6 /* GoalsTableViewCell.m */; };
		BCC0B1AB1A987D4E00959BF5 /* main.m in Sources */ = {isa = PBXBuildFile; fileRef = BCC0B1AA1A987D4E00959BF5 /* main.m */; };
		BCC0B1AE1A987D4E00959BF5 /* AppDelegate.m in Sources */ = {isa = PBXBuildFile; fileRef = BCC0B1AD1A987D4E00959BF5 /* AppDelegate.m */; };
		BCC0B1B11A987D4E00959BF5 /* MainViewController.m in Sources */ = {isa = PBXBuildFile; fileRef = BCC0B1B01A987D4E00959BF5 /* MainViewController.m */; };
		BCC0B1B61A987D4E00959BF5 /* Images.xcassets in Resources */ = {isa = PBXBuildFile; fileRef = BCC0B1B51A987D4E00959BF5 /* Images.xcassets */; };
		BCC0B1B91A987D4E00959BF5 /* LaunchScreen.xib in Resources */ = {isa = PBXBuildFile; fileRef = BCC0B1B71A987D4E00959BF5 /* LaunchScreen.xib */; };
		BCC0B1C51A987D4E00959BF5 /* TeamMakkTests.m in Sources */ = {isa = PBXBuildFile; fileRef = BCC0B1C41A987D4E00959BF5 /* TeamMakkTests.m */; };
		BCC0B1CF1A987ED900959BF5 /* HealthKit.framework in Frameworks */ = {isa = PBXBuildFile; fileRef = BCC0B1CE1A987ED900959BF5 /* HealthKit.framework */; };
/* End PBXBuildFile section */

/* Begin PBXContainerItemProxy section */
		BCC0B1BF1A987D4E00959BF5 /* PBXContainerItemProxy */ = {
			isa = PBXContainerItemProxy;
			containerPortal = BCC0B19D1A987D4E00959BF5 /* Project object */;
			proxyType = 1;
			remoteGlobalIDString = BCC0B1A41A987D4E00959BF5;
			remoteInfo = TeamMakk;
		};
/* End PBXContainerItemProxy section */

/* Begin PBXFileReference section */
		A67965E31A988B5E00BA4D59 /* BluetoothShieldHelper.h */ = {isa = PBXFileReference; fileEncoding = 4; lastKnownFileType = sourcecode.c.h; path = BluetoothShieldHelper.h; sourceTree = "<group>"; };
		A67965E41A988B5E00BA4D59 /* BluetoothShieldHelper.m */ = {isa = PBXFileReference; fileEncoding = 4; lastKnownFileType = sourcecode.c.objc; path = BluetoothShieldHelper.m; sourceTree = "<group>"; };
		A67965E71A988D8B00BA4D59 /* BLE.h */ = {isa = PBXFileReference; fileEncoding = 4; lastKnownFileType = sourcecode.c.h; path = BLE.h; sourceTree = "<group>"; };
		A67965E81A988D8B00BA4D59 /* BLE.m */ = {isa = PBXFileReference; fileEncoding = 4; lastKnownFileType = sourcecode.c.objc; path = BLE.m; sourceTree = "<group>"; };
		A67965E91A988D8B00BA4D59 /* BLEDefines.h */ = {isa = PBXFileReference; fileEncoding = 4; lastKnownFileType = sourcecode.c.h; path = BLEDefines.h; sourceTree = "<group>"; };
		BCA8D1A61A98873600533FD6 /* WorkoutViewController.h */ = {isa = PBXFileReference; fileEncoding = 4; lastKnownFileType = sourcecode.c.h; path = WorkoutViewController.h; sourceTree = "<group>"; };
		BCA8D1A71A98873600533FD6 /* WorkoutViewController.m */ = {isa = PBXFileReference; fileEncoding = 4; lastKnownFileType = sourcecode.c.objc; path = WorkoutViewController.m; sourceTree = "<group>"; };
		BCA8D1AF1A98880300533FD6 /* SummaryTableViewController.h */ = {isa = PBXFileReference; fileEncoding = 4; lastKnownFileType = sourcecode.c.h; path = SummaryTableViewController.h; sourceTree = "<group>"; };
		BCA8D1B01A98880300533FD6 /* SummaryTableViewController.m */ = {isa = PBXFileReference; fileEncoding = 4; lastKnownFileType = sourcecode.c.objc; path = SummaryTableViewController.m; sourceTree = "<group>"; };
		BCA8D1B21A98898000533FD6 /* ExerciseCell.h */ = {isa = PBXFileReference; fileEncoding = 4; lastKnownFileType = sourcecode.c.h; path = ExerciseCell.h; sourceTree = "<group>"; };
		BCA8D1B31A98898000533FD6 /* ExerciseCell.m */ = {isa = PBXFileReference; fileEncoding = 4; lastKnownFileType = sourcecode.c.objc; path = ExerciseCell.m; sourceTree = "<group>"; };
		BCA8D1B51A98922300533FD6 /* GoalsTableViewController.h */ = {isa = PBXFileReference; fileEncoding = 4; lastKnownFileType = sourcecode.c.h; path = GoalsTableViewController.h; sourceTree = "<group>"; };
		BCA8D1B61A98922300533FD6 /* GoalsTableViewController.m */ = {isa = PBXFileReference; fileEncoding = 4; lastKnownFileType = sourcecode.c.objc; path = GoalsTableViewController.m; sourceTree = "<group>"; };
		BCA8D1B81A98929200533FD6 /* GoalsTableViewCell.h */ = {isa = PBXFileReference; fileEncoding = 4; lastKnownFileType = sourcecode.c.h; path = GoalsTableViewCell.h; sourceTree = "<group>"; };
		BCA8D1B91A98929200533FD6 /* GoalsTableViewCell.m */ = {isa = PBXFileReference; fileEncoding = 4; lastKnownFileType = sourcecode.c.objc; path = GoalsTableViewCell.m; sourceTree = "<group>"; };
		BCC0B1A51A987D4E00959BF5 /* TeamMakk.app */ = {isa = PBXFileReference; explicitFileType = wrapper.application; includeInIndex = 0; path = TeamMakk.app; sourceTree = BUILT_PRODUCTS_DIR; };
		BCC0B1A91A987D4E00959BF5 /* Info.plist */ = {isa = PBXFileReference; lastKnownFileType = text.plist.xml; path = Info.plist; sourceTree = "<group>"; };
		BCC0B1AA1A987D4E00959BF5 /* main.m */ = {isa = PBXFileReference; lastKnownFileType = sourcecode.c.objc; path = main.m; sourceTree = "<group>"; };
		BCC0B1AC1A987D4E00959BF5 /* AppDelegate.h */ = {isa = PBXFileReference; lastKnownFileType = sourcecode.c.h; path = AppDelegate.h; sourceTree = "<group>"; };
		BCC0B1AD1A987D4E00959BF5 /* AppDelegate.m */ = {isa = PBXFileReference; lastKnownFileType = sourcecode.c.objc; path = AppDelegate.m; sourceTree = "<group>"; };
		BCC0B1AF1A987D4E00959BF5 /* MainViewController.h */ = {isa = PBXFileReference; lastKnownFileType = sourcecode.c.h; path = MainViewController.h; sourceTree = "<group>"; };
		BCC0B1B01A987D4E00959BF5 /* MainViewController.m */ = {isa = PBXFileReference; lastKnownFileType = sourcecode.c.objc; path = MainViewController.m; sourceTree = "<group>"; };
		BCC0B1B51A987D4E00959BF5 /* Images.xcassets */ = {isa = PBXFileReference; lastKnownFileType = folder.assetcatalog; path = Images.xcassets; sourceTree = "<group>"; };
		BCC0B1B81A987D4E00959BF5 /* Base */ = {isa = PBXFileReference; lastKnownFileType = file.xib; name = Base; path = Base.lproj/LaunchScreen.xib; sourceTree = "<group>"; };
		BCC0B1BE1A987D4E00959BF5 /* TeamMakkTests.xctest */ = {isa = PBXFileReference; explicitFileType = wrapper.cfbundle; includeInIndex = 0; path = TeamMakkTests.xctest; sourceTree = BUILT_PRODUCTS_DIR; };
		BCC0B1C31A987D4E00959BF5 /* Info.plist */ = {isa = PBXFileReference; lastKnownFileType = text.plist.xml; path = Info.plist; sourceTree = "<group>"; };
		BCC0B1C41A987D4E00959BF5 /* TeamMakkTests.m */ = {isa = PBXFileReference; lastKnownFileType = sourcecode.c.objc; path = TeamMakkTests.m; sourceTree = "<group>"; };
		BCC0B1CE1A987ED900959BF5 /* HealthKit.framework */ = {isa = PBXFileReference; lastKnownFileType = wrapper.framework; name = HealthKit.framework; path = System/Library/Frameworks/HealthKit.framework; sourceTree = SDKROOT; };
		BCC0B1D01A987ED900959BF5 /* TeamMakk.entitlements */ = {isa = PBXFileReference; lastKnownFileType = text.xml; path = TeamMakk.entitlements; sourceTree = "<group>"; };
/* End PBXFileReference section */

/* Begin PBXFrameworksBuildPhase section */
		BCC0B1A21A987D4E00959BF5 /* Frameworks */ = {
			isa = PBXFrameworksBuildPhase;
			buildActionMask = 2147483647;
			files = (
				BCC0B1CF1A987ED900959BF5 /* HealthKit.framework in Frameworks */,
			);
			runOnlyForDeploymentPostprocessing = 0;
		};
		BCC0B1BB1A987D4E00959BF5 /* Frameworks */ = {
			isa = PBXFrameworksBuildPhase;
			buildActionMask = 2147483647;
			files = (
			);
			runOnlyForDeploymentPostprocessing = 0;
		};
/* End PBXFrameworksBuildPhase section */

/* Begin PBXGroup section */
		A67965E61A988D7300BA4D59 /* BluetoothHelpers */ = {
			isa = PBXGroup;
			children = (
				A67965E71A988D8B00BA4D59 /* BLE.h */,
				A67965E81A988D8B00BA4D59 /* BLE.m */,
				A67965E91A988D8B00BA4D59 /* BLEDefines.h */,
			);
			name = BluetoothHelpers;
			path = ../..;
			sourceTree = "<group>";
		};
		BCC0B19C1A987D4E00959BF5 = {
			isa = PBXGroup;
			children = (
				BCC0B1CE1A987ED900959BF5 /* HealthKit.framework */,
				BCC0B1A71A987D4E00959BF5 /* TeamMakk */,
				BCC0B1C11A987D4E00959BF5 /* TeamMakkTests */,
				BCC0B1A61A987D4E00959BF5 /* Products */,
			);
			sourceTree = "<group>";
		};
		BCC0B1A61A987D4E00959BF5 /* Products */ = {
			isa = PBXGroup;
			children = (
				BCC0B1A51A987D4E00959BF5 /* TeamMakk.app */,
				BCC0B1BE1A987D4E00959BF5 /* TeamMakkTests.xctest */,
			);
			name = Products;
			sourceTree = "<group>";
		};
		BCC0B1A71A987D4E00959BF5 /* TeamMakk */ = {
			isa = PBXGroup;
			children = (
				BCC0B1D01A987ED900959BF5 /* TeamMakk.entitlements */,
				BCC0B1AC1A987D4E00959BF5 /* AppDelegate.h */,
				BCC0B1AD1A987D4E00959BF5 /* AppDelegate.m */,
				BCA8D1B51A98922300533FD6 /* GoalsTableViewController.h */,
				BCA8D1B61A98922300533FD6 /* GoalsTableViewController.m */,
				BCA8D1B81A98929200533FD6 /* GoalsTableViewCell.h */,
				BCA8D1B91A98929200533FD6 /* GoalsTableViewCell.m */,
				BCA8D1AF1A98880300533FD6 /* SummaryTableViewController.h */,
				BCA8D1B01A98880300533FD6 /* SummaryTableViewController.m */,
				BCA8D1B21A98898000533FD6 /* ExerciseCell.h */,
				BCA8D1B31A98898000533FD6 /* ExerciseCell.m */,
				BCA8D1A61A98873600533FD6 /* WorkoutViewController.h */,
				BCA8D1A71A98873600533FD6 /* WorkoutViewController.m */,
				BCC0B1AF1A987D4E00959BF5 /* MainViewController.h */,
				BCC0B1B01A987D4E00959BF5 /* MainViewController.m */,
				BCC0B1B51A987D4E00959BF5 /* Images.xcassets */,
				BCC0B1B71A987D4E00959BF5 /* LaunchScreen.xib */,
				BCC0B1A81A987D4E00959BF5 /* Supporting Files */,
				A67965E31A988B5E00BA4D59 /* BluetoothShieldHelper.h */,
				A67965E41A988B5E00BA4D59 /* BluetoothShieldHelper.m */,
				A67965E61A988D7300BA4D59 /* BluetoothHelpers */,
			);
			path = TeamMakk;
			sourceTree = "<group>";
		};
		BCC0B1A81A987D4E00959BF5 /* Supporting Files */ = {
			isa = PBXGroup;
			children = (
				BCC0B1A91A987D4E00959BF5 /* Info.plist */,
				BCC0B1AA1A987D4E00959BF5 /* main.m */,
			);
			name = "Supporting Files";
			sourceTree = "<group>";
		};
		BCC0B1C11A987D4E00959BF5 /* TeamMakkTests */ = {
			isa = PBXGroup;
			children = (
				BCC0B1C41A987D4E00959BF5 /* TeamMakkTests.m */,
				BCC0B1C21A987D4E00959BF5 /* Supporting Files */,
			);
			path = TeamMakkTests;
			sourceTree = "<group>";
		};
		BCC0B1C21A987D4E00959BF5 /* Supporting Files */ = {
			isa = PBXGroup;
			children = (
				BCC0B1C31A987D4E00959BF5 /* Info.plist */,
			);
			name = "Supporting Files";
			sourceTree = "<group>";
		};
/* End PBXGroup section */

/* Begin PBXNativeTarget section */
		BCC0B1A41A987D4E00959BF5 /* TeamMakk */ = {
			isa = PBXNativeTarget;
			buildConfigurationList = BCC0B1C81A987D4E00959BF5 /* Build configuration list for PBXNativeTarget "TeamMakk" */;
			buildPhases = (
				BCC0B1A11A987D4E00959BF5 /* Sources */,
				BCC0B1A21A987D4E00959BF5 /* Frameworks */,
				BCC0B1A31A987D4E00959BF5 /* Resources */,
			);
			buildRules = (
			);
			dependencies = (
			);
			name = TeamMakk;
			productName = TeamMakk;
			productReference = BCC0B1A51A987D4E00959BF5 /* TeamMakk.app */;
			productType = "com.apple.product-type.application";
		};
		BCC0B1BD1A987D4E00959BF5 /* TeamMakkTests */ = {
			isa = PBXNativeTarget;
			buildConfigurationList = BCC0B1CB1A987D4E00959BF5 /* Build configuration list for PBXNativeTarget "TeamMakkTests" */;
			buildPhases = (
				BCC0B1BA1A987D4E00959BF5 /* Sources */,
				BCC0B1BB1A987D4E00959BF5 /* Frameworks */,
				BCC0B1BC1A987D4E00959BF5 /* Resources */,
			);
			buildRules = (
			);
			dependencies = (
				BCC0B1C01A987D4E00959BF5 /* PBXTargetDependency */,
			);
			name = TeamMakkTests;
			productName = TeamMakkTests;
			productReference = BCC0B1BE1A987D4E00959BF5 /* TeamMakkTests.xctest */;
			productType = "com.apple.product-type.bundle.unit-test";
		};
/* End PBXNativeTarget section */

/* Begin PBXProject section */
		BCC0B19D1A987D4E00959BF5 /* Project object */ = {
			isa = PBXProject;
			attributes = {
				LastUpgradeCheck = 0610;
				ORGANIZATIONNAME = teammakk;
				TargetAttributes = {
					BCC0B1A41A987D4E00959BF5 = {
						CreatedOnToolsVersion = 6.1.1;
						DevelopmentTeam = FUTU96J3U9;
						SystemCapabilities = {
							com.apple.HealthKit = {
								enabled = 1;
							};
						};
					};
					BCC0B1BD1A987D4E00959BF5 = {
						CreatedOnToolsVersion = 6.1.1;
						TestTargetID = BCC0B1A41A987D4E00959BF5;
					};
				};
			};
			buildConfigurationList = BCC0B1A01A987D4E00959BF5 /* Build configuration list for PBXProject "TeamMakk" */;
			compatibilityVersion = "Xcode 3.2";
			developmentRegion = English;
			hasScannedForEncodings = 0;
			knownRegions = (
				en,
				Base,
			);
			mainGroup = BCC0B19C1A987D4E00959BF5;
			productRefGroup = BCC0B1A61A987D4E00959BF5 /* Products */;
			projectDirPath = "";
			projectRoot = "";
			targets = (
				BCC0B1A41A987D4E00959BF5 /* TeamMakk */,
				BCC0B1BD1A987D4E00959BF5 /* TeamMakkTests */,
			);
		};
/* End PBXProject section */

/* Begin PBXResourcesBuildPhase section */
		BCC0B1A31A987D4E00959BF5 /* Resources */ = {
			isa = PBXResourcesBuildPhase;
			buildActionMask = 2147483647;
			files = (
				BCC0B1B91A987D4E00959BF5 /* LaunchScreen.xib in Resources */,
				BCC0B1B61A987D4E00959BF5 /* Images.xcassets in Resources */,
			);
			runOnlyForDeploymentPostprocessing = 0;
		};
		BCC0B1BC1A987D4E00959BF5 /* Resources */ = {
			isa = PBXResourcesBuildPhase;
			buildActionMask = 2147483647;
			files = (
			);
			runOnlyForDeploymentPostprocessing = 0;
		};
/* End PBXResourcesBuildPhase section */

/* Begin PBXSourcesBuildPhase section */
		BCC0B1A11A987D4E00959BF5 /* Sources */ = {
			isa = PBXSourcesBuildPhase;
			buildActionMask = 2147483647;
			files = (
				BCC0B1B11A987D4E00959BF5 /* ViewController.m in Sources */,
				A67965E51A988B5E00BA4D59 /* BluetoothShieldHelper.m in Sources */,
				BCC0B1AE1A987D4E00959BF5 /* AppDelegate.m in Sources */,
				A67965EA1A988D8B00BA4D59 /* BLE.m in Sources */,
				BCA8D1BA1A98929200533FD6 /* GoalsTableViewCell.m in Sources */,
				BCA8D1A81A98873600533FD6 /* WorkoutViewController.m in Sources */,
				BCA8D1B41A98898000533FD6 /* ExerciseCell.m in Sources */,
				BCA8D1B71A98922300533FD6 /* GoalsTableViewController.m in Sources */,
				BCC0B1B11A987D4E00959BF5 /* MainViewController.m in Sources */,
				BCC0B1AE1A987D4E00959BF5 /* AppDelegate.m in Sources */,
				BCA8D1B11A98880300533FD6 /* SummaryTableViewController.m in Sources */,
				BCC0B1AB1A987D4E00959BF5 /* main.m in Sources */,
			);
			runOnlyForDeploymentPostprocessing = 0;
		};
		BCC0B1BA1A987D4E00959BF5 /* Sources */ = {
			isa = PBXSourcesBuildPhase;
			buildActionMask = 2147483647;
			files = (
				BCC0B1C51A987D4E00959BF5 /* TeamMakkTests.m in Sources */,
			);
			runOnlyForDeploymentPostprocessing = 0;
		};
/* End PBXSourcesBuildPhase section */

/* Begin PBXTargetDependency section */
		BCC0B1C01A987D4E00959BF5 /* PBXTargetDependency */ = {
			isa = PBXTargetDependency;
			target = BCC0B1A41A987D4E00959BF5 /* TeamMakk */;
			targetProxy = BCC0B1BF1A987D4E00959BF5 /* PBXContainerItemProxy */;
		};
/* End PBXTargetDependency section */

/* Begin PBXVariantGroup section */
		BCC0B1B71A987D4E00959BF5 /* LaunchScreen.xib */ = {
			isa = PBXVariantGroup;
			children = (
				BCC0B1B81A987D4E00959BF5 /* Base */,
			);
			name = LaunchScreen.xib;
			sourceTree = "<group>";
		};
/* End PBXVariantGroup section */

/* Begin XCBuildConfiguration section */
		BCC0B1C61A987D4E00959BF5 /* Debug */ = {
			isa = XCBuildConfiguration;
			buildSettings = {
				ALWAYS_SEARCH_USER_PATHS = NO;
				CLANG_CXX_LANGUAGE_STANDARD = "gnu++0x";
				CLANG_CXX_LIBRARY = "libc++";
				CLANG_ENABLE_MODULES = YES;
				CLANG_ENABLE_OBJC_ARC = YES;
				CLANG_WARN_BOOL_CONVERSION = YES;
				CLANG_WARN_CONSTANT_CONVERSION = YES;
				CLANG_WARN_DIRECT_OBJC_ISA_USAGE = YES_ERROR;
				CLANG_WARN_EMPTY_BODY = YES;
				CLANG_WARN_ENUM_CONVERSION = YES;
				CLANG_WARN_INT_CONVERSION = YES;
				CLANG_WARN_OBJC_ROOT_CLASS = YES_ERROR;
				CLANG_WARN_UNREACHABLE_CODE = YES;
				CLANG_WARN__DUPLICATE_METHOD_MATCH = YES;
				"CODE_SIGN_IDENTITY[sdk=iphoneos*]" = "iPhone Developer";
				COPY_PHASE_STRIP = NO;
				ENABLE_STRICT_OBJC_MSGSEND = YES;
				GCC_C_LANGUAGE_STANDARD = gnu99;
				GCC_DYNAMIC_NO_PIC = NO;
				GCC_OPTIMIZATION_LEVEL = 0;
				GCC_PREPROCESSOR_DEFINITIONS = (
					"DEBUG=1",
					"$(inherited)",
				);
				GCC_SYMBOLS_PRIVATE_EXTERN = NO;
				GCC_WARN_64_TO_32_BIT_CONVERSION = YES;
				GCC_WARN_ABOUT_RETURN_TYPE = YES_ERROR;
				GCC_WARN_UNDECLARED_SELECTOR = YES;
				GCC_WARN_UNINITIALIZED_AUTOS = YES_AGGRESSIVE;
				GCC_WARN_UNUSED_FUNCTION = YES;
				GCC_WARN_UNUSED_VARIABLE = YES;
				IPHONEOS_DEPLOYMENT_TARGET = 8.1;
				MTL_ENABLE_DEBUG_INFO = YES;
				ONLY_ACTIVE_ARCH = YES;
				SDKROOT = iphoneos;
			};
			name = Debug;
		};
		BCC0B1C71A987D4E00959BF5 /* Release */ = {
			isa = XCBuildConfiguration;
			buildSettings = {
				ALWAYS_SEARCH_USER_PATHS = NO;
				CLANG_CXX_LANGUAGE_STANDARD = "gnu++0x";
				CLANG_CXX_LIBRARY = "libc++";
				CLANG_ENABLE_MODULES = YES;
				CLANG_ENABLE_OBJC_ARC = YES;
				CLANG_WARN_BOOL_CONVERSION = YES;
				CLANG_WARN_CONSTANT_CONVERSION = YES;
				CLANG_WARN_DIRECT_OBJC_ISA_USAGE = YES_ERROR;
				CLANG_WARN_EMPTY_BODY = YES;
				CLANG_WARN_ENUM_CONVERSION = YES;
				CLANG_WARN_INT_CONVERSION = YES;
				CLANG_WARN_OBJC_ROOT_CLASS = YES_ERROR;
				CLANG_WARN_UNREACHABLE_CODE = YES;
				CLANG_WARN__DUPLICATE_METHOD_MATCH = YES;
				"CODE_SIGN_IDENTITY[sdk=iphoneos*]" = "iPhone Developer";
				COPY_PHASE_STRIP = YES;
				ENABLE_NS_ASSERTIONS = NO;
				ENABLE_STRICT_OBJC_MSGSEND = YES;
				GCC_C_LANGUAGE_STANDARD = gnu99;
				GCC_WARN_64_TO_32_BIT_CONVERSION = YES;
				GCC_WARN_ABOUT_RETURN_TYPE = YES_ERROR;
				GCC_WARN_UNDECLARED_SELECTOR = YES;
				GCC_WARN_UNINITIALIZED_AUTOS = YES_AGGRESSIVE;
				GCC_WARN_UNUSED_FUNCTION = YES;
				GCC_WARN_UNUSED_VARIABLE = YES;
				IPHONEOS_DEPLOYMENT_TARGET = 8.1;
				MTL_ENABLE_DEBUG_INFO = NO;
				SDKROOT = iphoneos;
				VALIDATE_PRODUCT = YES;
			};
			name = Release;
		};
		BCC0B1C91A987D4E00959BF5 /* Debug */ = {
			isa = XCBuildConfiguration;
			buildSettings = {
				ASSETCATALOG_COMPILER_APPICON_NAME = AppIcon;
				CODE_SIGN_ENTITLEMENTS = TeamMakk/TeamMakk.entitlements;
				CODE_SIGN_IDENTITY = "iPhone Developer";
				"CODE_SIGN_IDENTITY[sdk=iphoneos*]" = "iPhone Developer";
				INFOPLIST_FILE = TeamMakk/Info.plist;
				LD_RUNPATH_SEARCH_PATHS = "$(inherited) @executable_path/Frameworks";
				PRODUCT_NAME = "$(TARGET_NAME)";
				PROVISIONING_PROFILE = "";
			};
			name = Debug;
		};
		BCC0B1CA1A987D4E00959BF5 /* Release */ = {
			isa = XCBuildConfiguration;
			buildSettings = {
				ASSETCATALOG_COMPILER_APPICON_NAME = AppIcon;
				CODE_SIGN_ENTITLEMENTS = TeamMakk/TeamMakk.entitlements;
				CODE_SIGN_IDENTITY = "iPhone Developer";
				"CODE_SIGN_IDENTITY[sdk=iphoneos*]" = "iPhone Developer";
				INFOPLIST_FILE = TeamMakk/Info.plist;
				LD_RUNPATH_SEARCH_PATHS = "$(inherited) @executable_path/Frameworks";
				PRODUCT_NAME = "$(TARGET_NAME)";
				PROVISIONING_PROFILE = "";
			};
			name = Release;
		};
		BCC0B1CC1A987D4E00959BF5 /* Debug */ = {
			isa = XCBuildConfiguration;
			buildSettings = {
				BUNDLE_LOADER = "$(TEST_HOST)";
				FRAMEWORK_SEARCH_PATHS = (
					"$(SDKROOT)/Developer/Library/Frameworks",
					"$(inherited)",
				);
				GCC_PREPROCESSOR_DEFINITIONS = (
					"DEBUG=1",
					"$(inherited)",
				);
				INFOPLIST_FILE = TeamMakkTests/Info.plist;
				LD_RUNPATH_SEARCH_PATHS = "$(inherited) @executable_path/Frameworks @loader_path/Frameworks";
				PRODUCT_NAME = "$(TARGET_NAME)";
				TEST_HOST = "$(BUILT_PRODUCTS_DIR)/TeamMakk.app/TeamMakk";
			};
			name = Debug;
		};
		BCC0B1CD1A987D4E00959BF5 /* Release */ = {
			isa = XCBuildConfiguration;
			buildSettings = {
				BUNDLE_LOADER = "$(TEST_HOST)";
				FRAMEWORK_SEARCH_PATHS = (
					"$(SDKROOT)/Developer/Library/Frameworks",
					"$(inherited)",
				);
				INFOPLIST_FILE = TeamMakkTests/Info.plist;
				LD_RUNPATH_SEARCH_PATHS = "$(inherited) @executable_path/Frameworks @loader_path/Frameworks";
				PRODUCT_NAME = "$(TARGET_NAME)";
				TEST_HOST = "$(BUILT_PRODUCTS_DIR)/TeamMakk.app/TeamMakk";
			};
			name = Release;
		};
/* End XCBuildConfiguration section */

/* Begin XCConfigurationList section */
		BCC0B1A01A987D4E00959BF5 /* Build configuration list for PBXProject "TeamMakk" */ = {
			isa = XCConfigurationList;
			buildConfigurations = (
				BCC0B1C61A987D4E00959BF5 /* Debug */,
				BCC0B1C71A987D4E00959BF5 /* Release */,
			);
			defaultConfigurationIsVisible = 0;
			defaultConfigurationName = Release;
		};
		BCC0B1C81A987D4E00959BF5 /* Build configuration list for PBXNativeTarget "TeamMakk" */ = {
			isa = XCConfigurationList;
			buildConfigurations = (
				BCC0B1C91A987D4E00959BF5 /* Debug */,
				BCC0B1CA1A987D4E00959BF5 /* Release */,
			);
			defaultConfigurationIsVisible = 0;
			defaultConfigurationName = Release;
		};
		BCC0B1CB1A987D4E00959BF5 /* Build configuration list for PBXNativeTarget "TeamMakkTests" */ = {
			isa = XCConfigurationList;
			buildConfigurations = (
				BCC0B1CC1A987D4E00959BF5 /* Debug */,
				BCC0B1CD1A987D4E00959BF5 /* Release */,
			);
			defaultConfigurationIsVisible = 0;
			defaultConfigurationName = Release;
		};
/* End XCConfigurationList section */
	};
	rootObject = BCC0B19D1A987D4E00959BF5 /* Project object */;
}
